
Microsoft Visual Studio Solution File, Format Version 12.00
# Visual Studio 14
VisualStudioVersion = 14.0.25420.1
MinimumVisualStudioVersion = 10.0.40219.1
Project("{FAE04EC0-301F-11D3-BF4B-00C04F79EFBC}") = "MAS.Core", "MAS.Core\MAS.Core.csproj", "{0CFB6A8E-AF1C-483F-99DE-44D6B867EC71}"
EndProject
Project("{FAE04EC0-301F-11D3-BF4B-00C04F79EFBC}") = "Protoplasm.Utils", "..\Protoplasm\Protoplasm.Utils\Protoplasm.Utils.csproj", "{19BAF319-A0BA-4C50-B580-32647171C73B}"
EndProject
Project("{FAE04EC0-301F-11D3-BF4B-00C04F79EFBC}") = "Protoplasm.PointedIntervals", "..\Protoplasm\Protoplasm.PointedIntervals\Protoplasm.PointedIntervals.csproj", "{A00EEBAD-4F1B-470C-AFDE-0AAA6EA851D5}"
EndProject
Project("{FAE04EC0-301F-11D3-BF4B-00C04F79EFBC}") = "ConsoleApplication1", "ConsoleApplication1\ConsoleApplication1.csproj", "{19ABBF76-4B4F-43AC-9527-70DB1B442452}"
EndProject
Project("{FAE04EC0-301F-11D3-BF4B-00C04F79EFBC}") = "Protoplasm.Calendars", "..\Protoplasm\Protoplasm.Calendars\Protoplasm.Calendars.csproj", "{C1BD47E7-1B00-45DE-BE1B-F4C4F0F76EA8}"
EndProject
Project("{2150E333-8FDC-42A3-9474-1A3956D46DE8}") = "Protoplasm", "Protoplasm", "{6D8D77A3-B788-4B55-85DB-BEE3D684C323}"
EndProject
Project("{2150E333-8FDC-42A3-9474-1A3956D46DE8}") = "MAS", "MAS", "{3BDDFE4F-8098-493D-883B-6092F3634818}"
EndProject
Project("{2150E333-8FDC-42A3-9474-1A3956D46DE8}") = "Tests", "Tests", "{72DE7DD2-EDD2-432E-A491-91905EB526B8}"
EndProject
Project("{FAE04EC0-301F-11D3-BF4B-00C04F79EFBC}") = "Protoplasm.Utils.UnitTests", "Protoplasm.Utils.UnitTests\Protoplasm.Utils.UnitTests.csproj", "{DF6F1B2A-1E2C-4502-A3DB-E07CE9C74CF9}"
EndProject
Global
	GlobalSection(SolutionConfigurationPlatforms) = preSolution
		Debug|Any CPU = Debug|Any CPU
		Release|Any CPU = Release|Any CPU
	EndGlobalSection
	GlobalSection(ProjectConfigurationPlatforms) = postSolution
		{0CFB6A8E-AF1C-483F-99DE-44D6B867EC71}.Debug|Any CPU.ActiveCfg = Debug|Any CPU
		{0CFB6A8E-AF1C-483F-99DE-44D6B867EC71}.Debug|Any CPU.Build.0 = Debug|Any CPU
		{0CFB6A8E-AF1C-483F-99DE-44D6B867EC71}.Release|Any CPU.ActiveCfg = Release|Any CPU
		{0CFB6A8E-AF1C-483F-99DE-44D6B867EC71}.Release|Any CPU.Build.0 = Release|Any CPU
		{19BAF319-A0BA-4C50-B580-32647171C73B}.Debug|Any CPU.ActiveCfg = Debug|Any CPU
		{19BAF319-A0BA-4C50-B580-32647171C73B}.Debug|Any CPU.Build.0 = Debug|Any CPU
		{19BAF319-A0BA-4C50-B580-32647171C73B}.Release|Any CPU.ActiveCfg = Release|Any CPU
		{19BAF319-A0BA-4C50-B580-32647171C73B}.Release|Any CPU.Build.0 = Release|Any CPU
		{A00EEBAD-4F1B-470C-AFDE-0AAA6EA851D5}.Debug|Any CPU.ActiveCfg = Debug|Any CPU
		{A00EEBAD-4F1B-470C-AFDE-0AAA6EA851D5}.Debug|Any CPU.Build.0 = Debug|Any CPU
		{A00EEBAD-4F1B-470C-AFDE-0AAA6EA851D5}.Release|Any CPU.ActiveCfg = Release|Any CPU
		{A00EEBAD-4F1B-470C-AFDE-0AAA6EA851D5}.Release|Any CPU.Build.0 = Release|Any CPU
		{19ABBF76-4B4F-43AC-9527-70DB1B442452}.Debug|Any CPU.ActiveCfg = Debug|Any CPU
		{19ABBF76-4B4F-43AC-9527-70DB1B442452}.Debug|Any CPU.Build.0 = Debug|Any CPU
		{19ABBF76-4B4F-43AC-9527-70DB1B442452}.Release|Any CPU.ActiveCfg = Release|Any CPU
		{19ABBF76-4B4F-43AC-9527-70DB1B442452}.Release|Any CPU.Build.0 = Release|Any CPU
		{C1BD47E7-1B00-45DE-BE1B-F4C4F0F76EA8}.Debug|Any CPU.ActiveCfg = Debug|Any CPU
		{C1BD47E7-1B00-45DE-BE1B-F4C4F0F76EA8}.Debug|Any CPU.Build.0 = Debug|Any CPU
		{C1BD47E7-1B00-45DE-BE1B-F4C4F0F76EA8}.Release|Any CPU.ActiveCfg = Release|Any CPU
		{C1BD47E7-1B00-45DE-BE1B-F4C4F0F76EA8}.Release|Any CPU.Build.0 = Release|Any CPU
		{DF6F1B2A-1E2C-4502-A3DB-E07CE9C74CF9}.Debug|Any CPU.ActiveCfg = Debug|Any CPU
		{DF6F1B2A-1E2C-4502-A3DB-E07CE9C74CF9}.Debug|Any CPU.Build.0 = Debug|Any CPU
		{DF6F1B2A-1E2C-4502-A3DB-E07CE9C74CF9}.Release|Any CPU.ActiveCfg = Release|Any CPU
		{DF6F1B2A-1E2C-4502-A3DB-E07CE9C74CF9}.Release|Any CPU.Build.0 = Release|Any CPU
	EndGlobalSection
	GlobalSection(SolutionProperties) = preSolution
		HideSolutionNode = FALSE
	EndGlobalSection
	GlobalSection(NestedProjects) = preSolution
		{0CFB6A8E-AF1C-483F-99DE-44D6B867EC71} = {3BDDFE4F-8098-493D-883B-6092F3634818}
		{19BAF319-A0BA-4C50-B580-32647171C73B} = {6D8D77A3-B788-4B55-85DB-BEE3D684C323}
		{A00EEBAD-4F1B-470C-AFDE-0AAA6EA851D5} = {6D8D77A3-B788-4B55-85DB-BEE3D684C323}
		{C1BD47E7-1B00-45DE-BE1B-F4C4F0F76EA8} = {6D8D77A3-B788-4B55-85DB-BEE3D684C323}
		{72DE7DD2-EDD2-432E-A491-91905EB526B8} = {6D8D77A3-B788-4B55-85DB-BEE3D684C323}
		{DF6F1B2A-1E2C-4502-A3DB-E07CE9C74CF9} = {72DE7DD2-EDD2-432E-A491-91905EB526B8}
	EndGlobalSection
EndGlobal
