
Microsoft Visual Studio Solution File, Format Version 12.00
# Visual Studio 14
VisualStudioVersion = 14.0.25420.1
MinimumVisualStudioVersion = 10.0.40219.1
Project("{FAE04EC0-301F-11D3-BF4B-00C04F79EFBC}") = "Protoplasm.Utils", "Protoplasm.Utils\Protoplasm.Utils.csproj", "{19BAF319-A0BA-4C50-B580-32647171C73B}"
EndProject
Project("{FAE04EC0-301F-11D3-BF4B-00C04F79EFBC}") = "Protoplasm.ViewsAndActions", "Protoplasm.ViewsAndActions\Protoplasm.ViewsAndActions.csproj", "{0A28E47D-EA4E-4AE0-8589-D597B0624540}"
EndProject
Project("{FAE04EC0-301F-11D3-BF4B-00C04F79EFBC}") = "Protoplasm.Viewer", "Protoplasm.Viewer\Protoplasm.Viewer.csproj", "{298A7837-86EE-44E2-AB0F-CB963B9765D2}"
EndProject
Project("{2150E333-8FDC-42A3-9474-1A3956D46DE8}") = "ViewsAndActions", "ViewsAndActions", "{576600BF-9139-4574-88A2-11AD96AF8F9B}"
EndProject
Project("{FAE04EC0-301F-11D3-BF4B-00C04F79EFBC}") = "Protoplasm.ComponentModel", "Protoplasm.ComponentModel\Protoplasm.ComponentModel.csproj", "{40E24E3B-7E11-404A-978D-E909A44B118B}"
EndProject
Project("{FAE04EC0-301F-11D3-BF4B-00C04F79EFBC}") = "ProcessResearch", "ProcessResearch\ProcessResearch.csproj", "{5C57C8C6-9AF4-41D8-9868-FCBFC715B3EA}"
EndProject
Project("{2150E333-8FDC-42A3-9474-1A3956D46DE8}") = "Research", "Research", "{CD17EC18-123A-4020-9BE5-705534C47D2E}"
EndProject
Project("{FAE04EC0-301F-11D3-BF4B-00C04F79EFBC}") = "Protoplasm.PointedIntervals", "Protoplasm.PointedIntervals\Protoplasm.PointedIntervals.csproj", "{A00EEBAD-4F1B-470C-AFDE-0AAA6EA851D5}"
EndProject
Project("{FAE04EC0-301F-11D3-BF4B-00C04F79EFBC}") = "Protoplasm.Calendars", "Protoplasm.Calendars\Protoplasm.Calendars.csproj", "{C1BD47E7-1B00-45DE-BE1B-F4C4F0F76EA8}"
EndProject
Project("{2150E333-8FDC-42A3-9474-1A3956D46DE8}") = "Factorio", "Factorio", "{9A2B06BD-63ED-4D94-9BC1-EACD653055EA}"
EndProject
Project("{FAE04EC0-301F-11D3-BF4B-00C04F79EFBC}") = "Factorio.Lua.Reader", "Factorio\Factorio.Lua.Reader\Factorio.Lua.Reader.csproj", "{3F8A08E0-7CB8-47FC-8619-E6E09D5F6646}"
EndProject
Project("{FAE04EC0-301F-11D3-BF4B-00C04F79EFBC}") = "ColorsMixer", "ColorsMixer\ColorsMixer.csproj", "{28D83D59-84BF-4BB6-8F58-CB1858B61F91}"
EndProject
Project("{FAE04EC0-301F-11D3-BF4B-00C04F79EFBC}") = "Protoplasm.Collections", "Collections\Protoplasm.Collections.csproj", "{430DB1B1-28D5-4693-A1C0-9867441EEBDE}"
EndProject
Project("{FAE04EC0-301F-11D3-BF4B-00C04F79EFBC}") = "Protoplasm.Graph", "Protoplasm.Graph\Protoplasm.Graph.csproj", "{3A5438B3-F555-4405-A6E1-5464DAD5C02C}"
EndProject
Global
	GlobalSection(SolutionConfigurationPlatforms) = preSolution
		Debug|Any CPU = Debug|Any CPU
		Release|Any CPU = Release|Any CPU
	EndGlobalSection
	GlobalSection(ProjectConfigurationPlatforms) = postSolution
		{19BAF319-A0BA-4C50-B580-32647171C73B}.Debug|Any CPU.ActiveCfg = Debug|Any CPU
		{19BAF319-A0BA-4C50-B580-32647171C73B}.Debug|Any CPU.Build.0 = Debug|Any CPU
		{19BAF319-A0BA-4C50-B580-32647171C73B}.Release|Any CPU.ActiveCfg = Release|Any CPU
		{19BAF319-A0BA-4C50-B580-32647171C73B}.Release|Any CPU.Build.0 = Release|Any CPU
		{0A28E47D-EA4E-4AE0-8589-D597B0624540}.Debug|Any CPU.ActiveCfg = Debug|Any CPU
		{0A28E47D-EA4E-4AE0-8589-D597B0624540}.Debug|Any CPU.Build.0 = Debug|Any CPU
		{0A28E47D-EA4E-4AE0-8589-D597B0624540}.Release|Any CPU.ActiveCfg = Release|Any CPU
		{0A28E47D-EA4E-4AE0-8589-D597B0624540}.Release|Any CPU.Build.0 = Release|Any CPU
		{298A7837-86EE-44E2-AB0F-CB963B9765D2}.Debug|Any CPU.ActiveCfg = Debug|Any CPU
		{298A7837-86EE-44E2-AB0F-CB963B9765D2}.Debug|Any CPU.Build.0 = Debug|Any CPU
		{298A7837-86EE-44E2-AB0F-CB963B9765D2}.Release|Any CPU.ActiveCfg = Release|Any CPU
		{298A7837-86EE-44E2-AB0F-CB963B9765D2}.Release|Any CPU.Build.0 = Release|Any CPU
		{40E24E3B-7E11-404A-978D-E909A44B118B}.Debug|Any CPU.ActiveCfg = Debug|Any CPU
		{40E24E3B-7E11-404A-978D-E909A44B118B}.Debug|Any CPU.Build.0 = Debug|Any CPU
		{40E24E3B-7E11-404A-978D-E909A44B118B}.Release|Any CPU.ActiveCfg = Release|Any CPU
		{40E24E3B-7E11-404A-978D-E909A44B118B}.Release|Any CPU.Build.0 = Release|Any CPU
		{5C57C8C6-9AF4-41D8-9868-FCBFC715B3EA}.Debug|Any CPU.ActiveCfg = Debug|Any CPU
		{5C57C8C6-9AF4-41D8-9868-FCBFC715B3EA}.Debug|Any CPU.Build.0 = Debug|Any CPU
		{5C57C8C6-9AF4-41D8-9868-FCBFC715B3EA}.Release|Any CPU.ActiveCfg = Release|Any CPU
		{5C57C8C6-9AF4-41D8-9868-FCBFC715B3EA}.Release|Any CPU.Build.0 = Release|Any CPU
		{A00EEBAD-4F1B-470C-AFDE-0AAA6EA851D5}.Debug|Any CPU.ActiveCfg = Debug|Any CPU
		{A00EEBAD-4F1B-470C-AFDE-0AAA6EA851D5}.Debug|Any CPU.Build.0 = Debug|Any CPU
		{A00EEBAD-4F1B-470C-AFDE-0AAA6EA851D5}.Release|Any CPU.ActiveCfg = Release|Any CPU
		{A00EEBAD-4F1B-470C-AFDE-0AAA6EA851D5}.Release|Any CPU.Build.0 = Release|Any CPU
		{C1BD47E7-1B00-45DE-BE1B-F4C4F0F76EA8}.Debug|Any CPU.ActiveCfg = Debug|Any CPU
		{C1BD47E7-1B00-45DE-BE1B-F4C4F0F76EA8}.Debug|Any CPU.Build.0 = Debug|Any CPU
		{C1BD47E7-1B00-45DE-BE1B-F4C4F0F76EA8}.Release|Any CPU.ActiveCfg = Release|Any CPU
		{C1BD47E7-1B00-45DE-BE1B-F4C4F0F76EA8}.Release|Any CPU.Build.0 = Release|Any CPU
		{3F8A08E0-7CB8-47FC-8619-E6E09D5F6646}.Debug|Any CPU.ActiveCfg = Debug|Any CPU
		{3F8A08E0-7CB8-47FC-8619-E6E09D5F6646}.Debug|Any CPU.Build.0 = Debug|Any CPU
		{3F8A08E0-7CB8-47FC-8619-E6E09D5F6646}.Release|Any CPU.ActiveCfg = Release|Any CPU
		{3F8A08E0-7CB8-47FC-8619-E6E09D5F6646}.Release|Any CPU.Build.0 = Release|Any CPU
		{28D83D59-84BF-4BB6-8F58-CB1858B61F91}.Debug|Any CPU.ActiveCfg = Debug|Any CPU
		{28D83D59-84BF-4BB6-8F58-CB1858B61F91}.Debug|Any CPU.Build.0 = Debug|Any CPU
		{28D83D59-84BF-4BB6-8F58-CB1858B61F91}.Release|Any CPU.ActiveCfg = Release|Any CPU
		{28D83D59-84BF-4BB6-8F58-CB1858B61F91}.Release|Any CPU.Build.0 = Release|Any CPU
		{430DB1B1-28D5-4693-A1C0-9867441EEBDE}.Debug|Any CPU.ActiveCfg = Debug|Any CPU
		{430DB1B1-28D5-4693-A1C0-9867441EEBDE}.Debug|Any CPU.Build.0 = Debug|Any CPU
		{430DB1B1-28D5-4693-A1C0-9867441EEBDE}.Release|Any CPU.ActiveCfg = Release|Any CPU
		{430DB1B1-28D5-4693-A1C0-9867441EEBDE}.Release|Any CPU.Build.0 = Release|Any CPU
		{3A5438B3-F555-4405-A6E1-5464DAD5C02C}.Debug|Any CPU.ActiveCfg = Debug|Any CPU
		{3A5438B3-F555-4405-A6E1-5464DAD5C02C}.Debug|Any CPU.Build.0 = Debug|Any CPU
		{3A5438B3-F555-4405-A6E1-5464DAD5C02C}.Release|Any CPU.ActiveCfg = Release|Any CPU
		{3A5438B3-F555-4405-A6E1-5464DAD5C02C}.Release|Any CPU.Build.0 = Release|Any CPU
	EndGlobalSection
	GlobalSection(SolutionProperties) = preSolution
		HideSolutionNode = FALSE
	EndGlobalSection
	GlobalSection(NestedProjects) = preSolution
		{0A28E47D-EA4E-4AE0-8589-D597B0624540} = {576600BF-9139-4574-88A2-11AD96AF8F9B}
		{298A7837-86EE-44E2-AB0F-CB963B9765D2} = {576600BF-9139-4574-88A2-11AD96AF8F9B}
		{5C57C8C6-9AF4-41D8-9868-FCBFC715B3EA} = {CD17EC18-123A-4020-9BE5-705534C47D2E}
		{3F8A08E0-7CB8-47FC-8619-E6E09D5F6646} = {9A2B06BD-63ED-4D94-9BC1-EACD653055EA}
	EndGlobalSection
EndGlobal
